Microsoft Visual Studio Solution File, Format Version 12.00
# Visual Studio Version 16
VisualStudioVersion = 16.0.29911.84
MinimumVisualStudioVersion = 10.0.40219.1
Project("{FAE04EC0-301F-11D3-BF4B-00C04F79EFBC}") = "quantum.code", "quantum.code\quantum.code.csproj", "{FBF32099-B197-4AB9-8E5A-B44D9D3750BD}"
EndProject
Global
	GlobalSection(SolutionConfigurationPlatforms) = preSolution
		Debug|Any CPU = Debug|Any CPU
		Debug|x64 = Debug|x64
		Debug|x86 = Debug|x86
		Release|Any CPU = Release|Any CPU
		Release|x64 = Release|x64
		Release|x86 = Release|x86
		ReleaseProfiler|Any CPU = ReleaseProfiler|Any CPU
		ReleaseProfiler|x64 = ReleaseProfiler|x64
		ReleaseProfiler|x86 = ReleaseProfiler|x86
	EndGlobalSection
	GlobalSection(ProjectConfigurationPlatforms) = postSolution
		{FBF32099-B197-4AB9-8E5A-B44D9D3750BD}.Debug|Any CPU.ActiveCfg = Debug|Any CPU
		{FBF32099-B197-4AB9-8E5A-B44D9D3750BD}.Debug|Any CPU.Build.0 = Debug|Any CPU
		{FBF32099-B197-4AB9-8E5A-B44D9D3750BD}.Debug|x64.ActiveCfg = Debug|Any CPU
		{FBF32099-B197-4AB9-8E5A-B44D9D3750BD}.Debug|x64.Build.0 = Debug|Any CPU
		{FBF32099-B197-4AB9-8E5A-B44D9D3750BD}.Debug|x86.ActiveCfg = Debug|Any CPU
		{FBF32099-B197-4AB9-8E5A-B44D9D3750BD}.Debug|x86.Build.0 = Debug|Any CPU
		{FBF32099-B197-4AB9-8E5A-B44D9D3750BD}.Release|Any CPU.ActiveCfg = Release|Any CPU
		{FBF32099-B197-4AB9-8E5A-B44D9D3750BD}.Release|Any CPU.Build.0 = Release|Any CPU
		{FBF32099-B197-4AB9-8E5A-B44D9D3750BD}.Release|x64.ActiveCfg = Release|Any CPU
		{FBF32099-B197-4AB9-8E5A-B44D9D3750BD}.Release|x64.Build.0 = Release|Any CPU
		{FBF32099-B197-4AB9-8E5A-B44D9D3750BD}.Release|x86.ActiveCfg = Release|Any CPU
		{FBF32099-B197-4AB9-8E5A-B44D9D3750BD}.Release|x86.Build.0 = Release|Any CPU
		{FBF32099-B197-4AB9-8E5A-B44D9D3750BD}.ReleaseProfiler|Any CPU.ActiveCfg = ReleaseProfiler|Any CPU
		{FBF32099-B197-4AB9-8E5A-B44D9D3750BD}.ReleaseProfiler|Any CPU.Build.0 = ReleaseProfiler|Any CPU
		{FBF32099-B197-4AB9-8E5A-B44D9D3750BD}.ReleaseProfiler|x64.ActiveCfg = Release|Any CPU
		{FBF32099-B197-4AB9-8E5A-B44D9D3750BD}.ReleaseProfiler|x64.Build.0 = Release|Any CPU
		{FBF32099-B197-4AB9-8E5A-B44D9D3750BD}.ReleaseProfiler|x86.ActiveCfg = Release|Any CPU
		{FBF32099-B197-4AB9-8E5A-B44D9D3750BD}.ReleaseProfiler|x86.Build.0 = Release|Any CPU
	EndGlobalSection
	GlobalSection(SolutionProperties) = preSolution
		HideSolutionNode = FALSE
	EndGlobalSection
	GlobalSection(ExtensibilityGlobals) = postSolution
		SolutionGuid = {C4D43925-30C5-46D7-B91B-B3B514B26113}
	EndGlobalSection
EndGlobal
